# This file is automatically @generated by Cargo.
# It is not intended for manual editing.
version = 4

[[package]]
name = "sentinel-bio-response"
version = "0.1.0"
dependencies = [
 "sentinel-common",
]

[[package]]
name = "sentinel-common"
version = "0.1.0"

[[package]]
name = "sentinel-config"
version = "0.1.0"
dependencies = [
 "sentinel-common",
]

[[package]]
name = "sentinel-console-api"
version = "0.1.0"
dependencies = [
 "sentinel-detection",
]

[[package]]
name = "sentinel-correlation"
version = "0.1.0"
dependencies = [
 "sentinel-common",
 "sentinel-config",
 "sentinel-runtime",
 "sentinel-telemetry",
]

[[package]]
name = "sentinel-detection"
version = "0.1.0"
dependencies = [
 "sentinel-common",
 "sentinel-native-bridge",
 "sentinel-telemetry",
]

[[package]]
name = "sentinel-education"
version = "0.1.0"

[[package]]
name = "sentinel-flow"
version = "0.1.0"

[[package]]
name = "sentinel-forensics"
version = "0.1.0"
dependencies = [
 "sentinel-common",
 "sentinel-response",
]

[[package]]
name = "sentinel-integrity"
version = "0.1.0"
dependencies = [
 "sentinel-shadow-vault",
]

[[package]]
name = "sentinel-native-bridge"
version = "0.1.0"
dependencies = [
 "sentinel-common",
]

[[package]]
name = "sentinel-policy"
version = "0.1.0"
dependencies = [
 "sentinel-bio-response",
 "sentinel-common",
]

[[package]]
name = "sentinel-reporting"
version = "0.1.0"
dependencies = [
 "sentinel-common",
 "sentinel-correlation",
]

[[package]]
name = "sentinel-response"
version = "0.1.0"
dependencies = [
 "sentinel-common",
]

[[package]]
name = "sentinel-runtime"
version = "0.1.0"
dependencies = [
 "sentinel-common",
 "sentinel-config",
 "sentinel-detection",
 "sentinel-education",
 "sentinel-forensics",
 "sentinel-integrity",
 "sentinel-native-bridge",
 "sentinel-policy",
 "sentinel-response",
 "sentinel-telemetry",
]

[[package]]
name = "sentinel-scenario"
version = "0.1.0"
dependencies = [
 "sentinel-common",
]

[[package]]
name = "sentinel-shadow-vault"
version = "0.1.0"

[[package]]
name = "sentinel-storage"
version = "0.1.0"
dependencies = [
 "sentinel-common",
 "sentinel-forensics",
]

[[package]]
name = "sentinel-telemetry"
version = "0.1.0"
dependencies = [
 "sentinel-common",
]

[[package]]
name = "sentinelctl"
version = "0.1.0"
dependencies = [
 "sentinel-detection",
 "sentinel-education",
 "sentinel-native-bridge",
 "sentinel-scenario",
]

[[package]]
name = "sentineld"
version = "0.1.0"
dependencies = [
 "sentinel-config",
 "sentinel-correlation",
 "sentinel-detection",
 "sentinel-flow",
 "sentinel-native-bridge",
 "sentinel-reporting",
 "sentinel-runtime",
 "sentinel-storage",
 "sentinel-telemetry",
]
